
Microsoft Visual Studio Solution File, Format Version 12.00
# Visual Studio Version 16
VisualStudioVersion = 16.0.31702.278
MinimumVisualStudioVersion = 10.0.40219.1
Project("{FAE04EC0-301F-11D3-BF4B-00C04F79EFBC}") = "MSSQLDemoApp", "MSSQLDemoApp\MSSQLDemoApp.csproj", "{FBE4273E-1691-4483-905F-ED289EF44748}"
EndProject
Global
	GlobalSection(SolutionConfigurationPlatforms) = preSolution
		Debug|Any CPU = Debug|Any CPU
		Release|Any CPU = Release|Any CPU
	EndGlobalSection
	GlobalSection(ProjectConfigurationPlatforms) = postSolution
		{FBE4273E-1691-4483-905F-ED289EF44748}.Debug|Any CPU.ActiveCfg = Debug|Any CPU
		{FBE4273E-1691-4483-905F-ED289EF44748}.Debug|Any CPU.Build.0 = Debug|Any CPU
		{FBE4273E-1691-4483-905F-ED289EF44748}.Release|Any CPU.ActiveCfg = Release|Any CPU
		{FBE4273E-1691-4483-905F-ED289EF44748}.Release|Any CPU.Build.0 = Release|Any CPU
	EndGlobalSection
	GlobalSection(SolutionProperties) = preSolution
		HideSolutionNode = FALSE
	EndGlobalSection
	GlobalSection(ExtensibilityGlobals) = postSolution
		SolutionGuid = {B1AE4FE7-726B-4542-A788-6160D6D5418B}
	EndGlobalSection
EndGlobal
